
Microsoft Visual Studio Solution File, Format Version 12.00
# Visual Studio Version 17
VisualStudioVersion = 17.12.35527.113
MinimumVisualStudioVersion = 10.0.40219.1
Project("{FAE04EC0-301F-11D3-BF4B-00C04F79EFBC}") = "Web_PracticePoject", "Web_PracticePoject\Web_PracticePoject.csproj", "{D6A8CF4D-F8F1-4D93-8577-C7339322DD55}"
EndProject
Project("{FAE04EC0-301F-11D3-BF4B-00C04F79EFBC}") = "PrototypeDesignPattern", "ProtoTypePattern\PrototypeDesignPattern.csproj", "{40EF8E92-5CAD-44B8-9862-D4493E4374CF}"
EndProject
Project("{FAE04EC0-301F-11D3-BF4B-00C04F79EFBC}") = "ObserverDesignPattern", "ObserverDesignPattern\ObserverDesignPattern.csproj", "{6BCB93FA-E2C1-46A2-B6D1-60BF8AE91E00}"
EndProject
Project("{FAE04EC0-301F-11D3-BF4B-00C04F79EFBC}") = "StrategyDesignPattern", "StrategyDesignPattern\StrategyDesignPattern.csproj", "{FB5A84DB-05F3-41BB-B434-3FB3887E010C}"
EndProject
Project("{FAE04EC0-301F-11D3-BF4B-00C04F79EFBC}") = "StudentManagement.API", "StudentManagement.API\StudentManagement.API.csproj", "{E5F9D260-5899-4C20-800C-D0566D967B63}"
EndProject
Project("{FAE04EC0-301F-11D3-BF4B-00C04F79EFBC}") = "Practice_LinQ", "Practice_LinQ\Practice_LinQ.csproj", "{B2ADD6F2-9E63-4E2A-89A5-B5EB15270F4D}"
EndProject
Global
	GlobalSection(SolutionConfigurationPlatforms) = preSolution
		Debug|Any CPU = Debug|Any CPU
		Release|Any CPU = Release|Any CPU
	EndGlobalSection
	GlobalSection(ProjectConfigurationPlatforms) = postSolution
		{D6A8CF4D-F8F1-4D93-8577-C7339322DD55}.Debug|Any CPU.ActiveCfg = Debug|Any CPU
		{D6A8CF4D-F8F1-4D93-8577-C7339322DD55}.Debug|Any CPU.Build.0 = Debug|Any CPU
		{D6A8CF4D-F8F1-4D93-8577-C7339322DD55}.Release|Any CPU.ActiveCfg = Release|Any CPU
		{D6A8CF4D-F8F1-4D93-8577-C7339322DD55}.Release|Any CPU.Build.0 = Release|Any CPU
		{40EF8E92-5CAD-44B8-9862-D4493E4374CF}.Debug|Any CPU.ActiveCfg = Debug|Any CPU
		{40EF8E92-5CAD-44B8-9862-D4493E4374CF}.Debug|Any CPU.Build.0 = Debug|Any CPU
		{40EF8E92-5CAD-44B8-9862-D4493E4374CF}.Release|Any CPU.ActiveCfg = Release|Any CPU
		{40EF8E92-5CAD-44B8-9862-D4493E4374CF}.Release|Any CPU.Build.0 = Release|Any CPU
		{6BCB93FA-E2C1-46A2-B6D1-60BF8AE91E00}.Debug|Any CPU.ActiveCfg = Debug|Any CPU
		{6BCB93FA-E2C1-46A2-B6D1-60BF8AE91E00}.Debug|Any CPU.Build.0 = Debug|Any CPU
		{6BCB93FA-E2C1-46A2-B6D1-60BF8AE91E00}.Release|Any CPU.ActiveCfg = Release|Any CPU
		{6BCB93FA-E2C1-46A2-B6D1-60BF8AE91E00}.Release|Any CPU.Build.0 = Release|Any CPU
		{FB5A84DB-05F3-41BB-B434-3FB3887E010C}.Debug|Any CPU.ActiveCfg = Debug|Any CPU
		{FB5A84DB-05F3-41BB-B434-3FB3887E010C}.Debug|Any CPU.Build.0 = Debug|Any CPU
		{FB5A84DB-05F3-41BB-B434-3FB3887E010C}.Release|Any CPU.ActiveCfg = Release|Any CPU
		{FB5A84DB-05F3-41BB-B434-3FB3887E010C}.Release|Any CPU.Build.0 = Release|Any CPU
		{E5F9D260-5899-4C20-800C-D0566D967B63}.Debug|Any CPU.ActiveCfg = Debug|Any CPU
		{E5F9D260-5899-4C20-800C-D0566D967B63}.Debug|Any CPU.Build.0 = Debug|Any CPU
		{E5F9D260-5899-4C20-800C-D0566D967B63}.Release|Any CPU.ActiveCfg = Release|Any CPU
		{E5F9D260-5899-4C20-800C-D0566D967B63}.Release|Any CPU.Build.0 = Release|Any CPU
		{B2ADD6F2-9E63-4E2A-89A5-B5EB15270F4D}.Debug|Any CPU.ActiveCfg = Debug|Any CPU
		{B2ADD6F2-9E63-4E2A-89A5-B5EB15270F4D}.Debug|Any CPU.Build.0 = Debug|Any CPU
		{B2ADD6F2-9E63-4E2A-89A5-B5EB15270F4D}.Release|Any CPU.ActiveCfg = Release|Any CPU
		{B2ADD6F2-9E63-4E2A-89A5-B5EB15270F4D}.Release|Any CPU.Build.0 = Release|Any CPU
	EndGlobalSection
	GlobalSection(SolutionProperties) = preSolution
		HideSolutionNode = FALSE
	EndGlobalSection
EndGlobal
